
Microsoft Visual Studio Solution File, Format Version 12.00
# Visual Studio Version 16
VisualStudioVersion = 16.0.30523.141
MinimumVisualStudioVersion = 10.0.40219.1
Project("{FAE04EC0-301F-11D3-BF4B-00C04F79EFBC}") = "CNAWeek2Task1", "CNAWeek2\CNAWeek2Task1.csproj", "{CAB7BB35-92E7-41A3-BDE8-F1E937BF2489}"
EndProject
Global
	GlobalSection(SolutionConfigurationPlatforms) = preSolution
		Debug|Any CPU = Debug|Any CPU
		Release|Any CPU = Release|Any CPU
	EndGlobalSection
	GlobalSection(ProjectConfigurationPlatforms) = postSolution
		{CAB7BB35-92E7-41A3-BDE8-F1E937BF2489}.Debug|Any CPU.ActiveCfg = Debug|Any CPU
		{CAB7BB35-92E7-41A3-BDE8-F1E937BF2489}.Debug|Any CPU.Build.0 = Debug|Any CPU
		{CAB7BB35-92E7-41A3-BDE8-F1E937BF2489}.Release|Any CPU.ActiveCfg = Release|Any CPU
		{CAB7BB35-92E7-41A3-BDE8-F1E937BF2489}.Release|Any CPU.Build.0 = Release|Any CPU
	EndGlobalSection
	GlobalSection(SolutionProperties) = preSolution
		HideSolutionNode = FALSE
	EndGlobalSection
	GlobalSection(ExtensibilityGlobals) = postSolution
		SolutionGuid = {81B74440-0E13-4F30-85A4-3A69E8D7D1F2}
	EndGlobalSection
EndGlobal
